<?xml version="1.0" encoding="utf-8"?>
<Project ToolsVersion="4.0" xmlns="http://schemas.microsoft.com/developer/msbuild/2003">
  <ItemGroup>
    <Filter Include="hardware">
      <UniqueIdentifier>{d838cccd-9e96-4737-95f6-25cc7da5b6f1}</UniqueIdentifier>
    </Filter>
  </ItemGroup>
  <ItemGroup>
    <ClInclude Include="hardware\cpu_monitor.h">
      <Filter>hardware</Filter>
    </ClInclude>
    <ClInclude Include="hardware\raspberry\gyroscope_sensehat_b.h">
      <Filter>hardware</Filter>
    </ClInclude>
    <ClInclude Include="hardware\raspberry\i2c_handler.h">
      <Filter>hardware</Filter>
    </ClInclude>
    <ClInclude Include="hardware\raspberry\relay_sbz4.h">
      <Filter>hardware</Filter>
    </ClInclude>
    <ClInclude Include="hardware\timing_wired.h">
      <Filter>hardware</Filter>
    </ClInclude>
  </ItemGroup>
  <ItemGroup>
    <ClCompile Include="main.cpp" />
    <ClCompile Include="hardware\raspberry\gyroscope_sensehat_b.cpp">
      <Filter>hardware</Filter>
    </ClCompile>
    <ClCompile Include="hardware\raspberry\i2c_handler.cpp">
      <Filter>hardware</Filter>
    </ClCompile>
    <ClCompile Include="hardware\raspberry\relay_sbz4.cpp">
      <Filter>hardware</Filter>
    </ClCompile>
    <ClCompile Include="hardware\timing_wired.cpp">
      <Filter>hardware</Filter>
    </ClCompile>
    <ClCompile Include="gyro_speed_test.cpp" />
    <ClCompile Include="tracking_test.cpp" />
  </ItemGroup>
</Project>