<?xml version="1.0" encoding="utf-8"?>
<Project ToolsVersion="4.0" xmlns="http://schemas.microsoft.com/developer/msbuild/2003">
  <ItemGroup>
    <ClInclude Include="$(MSBuildThisFileDirectory)version_info.h" />
    <ClInclude Include="$(MSBuildThisFileDirectory)relay.h">
      <Filter>hardware</Filter>
    </ClInclude>
    <ClInclude Include="$(MSBuildThisFileDirectory)music.h">
      <Filter>testing</Filter>
    </ClInclude>
    <ClInclude Include="C:\GitHub\ActiveMuscleStimulator\project\SharedItems\tone_generator.h">
      <Filter>testing</Filter>
    </ClInclude>
    <ClInclude Include="$(MSBuildThisFileDirectory)timing.h">
      <Filter>hardware</Filter>
    </ClInclude>
    <ClInclude Include="$(MSBuildThisFileDirectory)gyroscope.h">
      <Filter>hardware</Filter>
    </ClInclude>
    <ClInclude Include="$(MSBuildThisFileDirectory)movement_vector.h">
      <Filter>math</Filter>
    </ClInclude>
    <ClInclude Include="$(MSBuildThisFileDirectory)amstypes.h" />
    <ClInclude Include="C:\GitHub\ActiveMuscleStimulator\project\SharedItems\gyroscope_smoothing.h">
      <Filter>hardware</Filter>
    </ClInclude>
  </ItemGroup>
  <ItemGroup>
    <ClCompile Include="$(MSBuildThisFileDirectory)version_info.cpp" />
    <ClCompile Include="$(MSBuildThisFileDirectory)music.cpp">
      <Filter>testing</Filter>
    </ClCompile>
    <ClCompile Include="C:\GitHub\ActiveMuscleStimulator\project\SharedItems\tone_generator.cpp">
      <Filter>testing</Filter>
    </ClCompile>
  </ItemGroup>
  <ItemGroup>
    <Filter Include="hardware">
      <UniqueIdentifier>{5e694807-d637-4493-bab6-a04c25110572}</UniqueIdentifier>
    </Filter>
    <Filter Include="testing">
      <UniqueIdentifier>{d2527096-5042-428f-9fbf-90764856cfbd}</UniqueIdentifier>
    </Filter>
    <Filter Include="math">
      <UniqueIdentifier>{e5784af1-c1c7-4611-847f-d5058df326ae}</UniqueIdentifier>
    </Filter>
  </ItemGroup>
</Project>